// !$*UTF8*$!
{
	archiveVersion = 1;
	classes = {
	};
	objectVersion = 50;
	objects = {

/* Begin PBXBuildFile section */
		8B311F20252EE6C900054237 /* PurchaseButtonApp.swift in Sources */ = {isa = PBXBuildFile; fileRef = 8B311F1F252EE6C900054237 /* PurchaseButtonApp.swift */; };
		8B311F22252EE6C900054237 /* ContentView.swift in Sources */ = {isa = PBXBuildFile; fileRef = 8B311F21252EE6C900054237 /* ContentView.swift */; };
		8B311F24252EE6CA00054237 /* Assets.xcassets in Resources */ = {isa = PBXBuildFile; fileRef = 8B311F23252EE6CA00054237 /* Assets.xcassets */; };
		8B311F27252EE6CA00054237 /* Preview Assets.xcassets in Resources */ = {isa = PBXBuildFile; fileRef = 8B311F26252EE6CA00054237 /* Preview Assets.xcassets */; };
		8B311F33252EE76D00054237 /* PurchaseButtonState.swift in Sources */ = {isa = PBXBuildFile; fileRef = 8B311F32252EE76D00054237 /* PurchaseButtonState.swift */; };
		8B311F36252EE77E00054237 /* ButtonStyleProperties.swift in Sources */ = {isa = PBXBuildFile; fileRef = 8B311F35252EE77E00054237 /* ButtonStyleProperties.swift */; };
		8B311F39252EE79400054237 /* PurchaseButtonStyle.swift in Sources */ = {isa = PBXBuildFile; fileRef = 8B311F38252EE79400054237 /* PurchaseButtonStyle.swift */; };
		8B311F3C252EE7AC00054237 /* CircularProgressBar.swift in Sources */ = {isa = PBXBuildFile; fileRef = 8B311F3B252EE7AC00054237 /* CircularProgressBar.swift */; };
		8B311F3F252EE7CD00054237 /* CircularProgressButtonBar.swift in Sources */ = {isa = PBXBuildFile; fileRef = 8B311F3E252EE7CD00054237 /* CircularProgressButtonBar.swift */; };
		8B311F4C2532395B00054237 /* PurchaseButton.swift in Sources */ = {isa = PBXBuildFile; fileRef = 8B311F4B2532395B00054237 /* PurchaseButton.swift */; };
		8B311F562539783600054237 /* PurchaseButtonViewModel.swift in Sources */ = {isa = PBXBuildFile; fileRef = 8B311F552539783600054237 /* PurchaseButtonViewModel.swift */; };
/* End PBXBuildFile section */

/* Begin PBXFileReference section */
		8B311F1C252EE6C900054237 /* PurchaseButton.app */ = {isa = PBXFileReference; explicitFileType = wrapper.application; includeInIndex = 0; path = PurchaseButton.app; sourceTree = BUILT_PRODUCTS_DIR; };
		8B311F1F252EE6C900054237 /* PurchaseButtonApp.swift */ = {isa = PBXFileReference; lastKnownFileType = sourcecode.swift; path = PurchaseButtonApp.swift; sourceTree = "<group>"; };
		8B311F21252EE6C900054237 /* ContentView.swift */ = {isa = PBXFileReference; lastKnownFileType = sourcecode.swift; path = ContentView.swift; sourceTree = "<group>"; };
		8B311F23252EE6CA00054237 /* Assets.xcassets */ = {isa = PBXFileReference; lastKnownFileType = folder.assetcatalog; path = Assets.xcassets; sourceTree = "<group>"; };
		8B311F26252EE6CA00054237 /* Preview Assets.xcassets */ = {isa = PBXFileReference; lastKnownFileType = folder.assetcatalog; path = "Preview Assets.xcassets"; sourceTree = "<group>"; };
		8B311F28252EE6CA00054237 /* Info.plist */ = {isa = PBXFileReference; lastKnownFileType = text.plist.xml; path = Info.plist; sourceTree = "<group>"; };
		8B311F32252EE76D00054237 /* PurchaseButtonState.swift */ = {isa = PBXFileReference; lastKnownFileType = sourcecode.swift; path = PurchaseButtonState.swift; sourceTree = "<group>"; };
		8B311F35252EE77E00054237 /* ButtonStyleProperties.swift */ = {isa = PBXFileReference; lastKnownFileType = sourcecode.swift; path = ButtonStyleProperties.swift; sourceTree = "<group>"; };
		8B311F38252EE79400054237 /* PurchaseButtonStyle.swift */ = {isa = PBXFileReference; lastKnownFileType = sourcecode.swift; path = PurchaseButtonStyle.swift; sourceTree = "<group>"; };
		8B311F3B252EE7AC00054237 /* CircularProgressBar.swift */ = {isa = PBXFileReference; lastKnownFileType = sourcecode.swift; path = CircularProgressBar.swift; sourceTree = "<group>"; };
		8B311F3E252EE7CD00054237 /* CircularProgressButtonBar.swift */ = {isa = PBXFileReference; lastKnownFileType = sourcecode.swift; path = CircularProgressButtonBar.swift; sourceTree = "<group>"; };
		8B311F4B2532395B00054237 /* PurchaseButton.swift */ = {isa = PBXFileReference; lastKnownFileType = sourcecode.swift; path = PurchaseButton.swift; sourceTree = "<group>"; };
		8B311F552539783600054237 /* PurchaseButtonViewModel.swift */ = {isa = PBXFileReference; lastKnownFileType = sourcecode.swift; path = PurchaseButtonViewModel.swift; sourceTree = "<group>"; };
/* End PBXFileReference section */

/* Begin PBXFrameworksBuildPhase section */
		8B311F19252EE6C900054237 /* Frameworks */ = {
			isa = PBXFrameworksBuildPhase;
			buildActionMask = 2147483647;
			files = (
			);
			runOnlyForDeploymentPostprocessing = 0;
		};
/* End PBXFrameworksBuildPhase section */

/* Begin PBXGroup section */
		8B2C8D2D253EB76E00239466 /* UI Components */ = {
			isa = PBXGroup;
			children = (
				8B311F3B252EE7AC00054237 /* CircularProgressBar.swift */,
				8B311F3E252EE7CD00054237 /* CircularProgressButtonBar.swift */,
			);
			path = "UI Components";
			sourceTree = "<group>";
		};
		8B2C8D2E253EB78600239466 /* ViewModel */ = {
			isa = PBXGroup;
			children = (
				8B311F552539783600054237 /* PurchaseButtonViewModel.swift */,
			);
			path = ViewModel;
			sourceTree = "<group>";
		};
		8B311F13252EE6C900054237 = {
			isa = PBXGroup;
			children = (
				8B311F1E252EE6C900054237 /* PurchaseButton */,
				8B311F1D252EE6C900054237 /* Products */,
			);
			sourceTree = "<group>";
		};
		8B311F1D252EE6C900054237 /* Products */ = {
			isa = PBXGroup;
			children = (
				8B311F1C252EE6C900054237 /* PurchaseButton.app */,
			);
			name = Products;
			sourceTree = "<group>";
		};
		8B311F1E252EE6C900054237 /* PurchaseButton */ = {
			isa = PBXGroup;
			children = (
				8B311F1F252EE6C900054237 /* PurchaseButtonApp.swift */,
				8B311F21252EE6C900054237 /* ContentView.swift */,
				8B311F4B2532395B00054237 /* PurchaseButton.swift */,
				8B2C8D2E253EB78600239466 /* ViewModel */,
				8B2C8D2D253EB76E00239466 /* UI Components */,
				8B311F77253EB69600054237 /* Styling */,
				8B311F23252EE6CA00054237 /* Assets.xcassets */,
				8B311F28252EE6CA00054237 /* Info.plist */,
				8B311F25252EE6CA00054237 /* Preview Content */,
			);
			path = PurchaseButton;
			sourceTree = "<group>";
		};
		8B311F25252EE6CA00054237 /* Preview Content */ = {
			isa = PBXGroup;
			children = (
				8B311F26252EE6CA00054237 /* Preview Assets.xcassets */,
			);
			path = "Preview Content";
			sourceTree = "<group>";
		};
		8B311F77253EB69600054237 /* Styling */ = {
			isa = PBXGroup;
			children = (
				8B311F38252EE79400054237 /* PurchaseButtonStyle.swift */,
				8B311F32252EE76D00054237 /* PurchaseButtonState.swift */,
				8B311F35252EE77E00054237 /* ButtonStyleProperties.swift */,
			);
			path = Styling;
			sourceTree = "<group>";
		};
/* End PBXGroup section */

/* Begin PBXNativeTarget section */
		8B311F1B252EE6C900054237 /* PurchaseButton */ = {
			isa = PBXNativeTarget;
			buildConfigurationList = 8B311F2B252EE6CA00054237 /* Build configuration list for PBXNativeTarget "PurchaseButton" */;
			buildPhases = (
				8B311F18252EE6C900054237 /* Sources */,
				8B311F19252EE6C900054237 /* Frameworks */,
				8B311F1A252EE6C900054237 /* Resources */,
			);
			buildRules = (
			);
			dependencies = (
			);
			name = PurchaseButton;
			productName = PurchaseButton;
			productReference = 8B311F1C252EE6C900054237 /* PurchaseButton.app */;
			productType = "com.apple.product-type.application";
		};
/* End PBXNativeTarget section */

/* Begin PBXProject section */
		8B311F14252EE6C900054237 /* Project object */ = {
			isa = PBXProject;
			attributes = {
				LastSwiftUpdateCheck = 1200;
				LastUpgradeCheck = 1200;
				TargetAttributes = {
					8B311F1B252EE6C900054237 = {
						CreatedOnToolsVersion = 12.0.1;
					};
				};
			};
			buildConfigurationList = 8B311F17252EE6C900054237 /* Build configuration list for PBXProject "PurchaseButton" */;
			compatibilityVersion = "Xcode 9.3";
			developmentRegion = en;
			hasScannedForEncodings = 0;
			knownRegions = (
				en,
				Base,
			);
			mainGroup = 8B311F13252EE6C900054237;
			productRefGroup = 8B311F1D252EE6C900054237 /* Products */;
			projectDirPath = "";
			projectRoot = "";
			targets = (
				8B311F1B252EE6C900054237 /* PurchaseButton */,
			);
		};
/* End PBXProject section */

/* Begin PBXResourcesBuildPhase section */
		8B311F1A252EE6C900054237 /* Resources */ = {
			isa = PBXResourcesBuildPhase;
			buildActionMask = 2147483647;
			files = (
				8B311F27252EE6CA00054237 /* Preview Assets.xcassets in Resources */,
				8B311F24252EE6CA00054237 /* Assets.xcassets in Resources */,
			);
			runOnlyForDeploymentPostprocessing = 0;
		};
/* End PBXResourcesBuildPhase section */

/* Begin PBXSourcesBuildPhase section */
		8B311F18252EE6C900054237 /* Sources */ = {
			isa = PBXSourcesBuildPhase;
			buildActionMask = 2147483647;
			files = (
				8B311F33252EE76D00054237 /* PurchaseButtonState.swift in Sources */,
				8B311F22252EE6C900054237 /* ContentView.swift in Sources */,
				8B311F39252EE79400054237 /* PurchaseButtonStyle.swift in Sources */,
				8B311F4C2532395B00054237 /* PurchaseButton.swift in Sources */,
				8B311F20252EE6C900054237 /* PurchaseButtonApp.swift in Sources */,
				8B311F3C252EE7AC00054237 /* CircularProgressBar.swift in Sources */,
				8B311F3F252EE7CD00054237 /* CircularProgressButtonBar.swift in Sources */,
				8B311F36252EE77E00054237 /* ButtonStyleProperties.swift in Sources */,
				8B311F562539783600054237 /* PurchaseButtonViewModel.swift in Sources */,
			);
			runOnlyForDeploymentPostprocessing = 0;
		};
/* End PBXSourcesBuildPhase section */

/* Begin XCBuildConfiguration section */
		8B311F29252EE6CA00054237 /* Debug */ = {
			isa = XCBuildConfiguration;
			buildSettings = {
				ALWAYS_SEARCH_USER_PATHS = NO;
				CLANG_ANALYZER_NONNULL = YES;
				CLANG_ANALYZER_NUMBER_OBJECT_CONVERSION = YES_AGGRESSIVE;
				CLANG_CXX_LANGUAGE_STANDARD = "gnu++14";
				CLANG_CXX_LIBRARY = "libc++";
				CLANG_ENABLE_MODULES = YES;
				CLANG_ENABLE_OBJC_ARC = YES;
				CLANG_ENABLE_OBJC_WEAK = YES;
				CLANG_WARN_BLOCK_CAPTURE_AUTORELEASING = YES;
				CLANG_WARN_BOOL_CONVERSION = YES;
				CLANG_WARN_COMMA = YES;
				CLANG_WARN_CONSTANT_CONVERSION = YES;
				CLANG_WARN_DEPRECATED_OBJC_IMPLEMENTATIONS = YES;
				CLANG_WARN_DIRECT_OBJC_ISA_USAGE = YES_ERROR;
				CLANG_WARN_DOCUMENTATION_COMMENTS = YES;
				CLANG_WARN_EMPTY_BODY = YES;
				CLANG_WARN_ENUM_CONVERSION = YES;
				CLANG_WARN_INFINITE_RECURSION = YES;
				CLANG_WARN_INT_CONVERSION = YES;
				CLANG_WARN_NON_LITERAL_NULL_CONVERSION = YES;
				CLANG_WARN_OBJC_IMPLICIT_RETAIN_SELF = YES;
				CLANG_WARN_OBJC_LITERAL_CONVERSION = YES;
				CLANG_WARN_OBJC_ROOT_CLASS = YES_ERROR;
				CLANG_WARN_QUOTED_INCLUDE_IN_FRAMEWORK_HEADER = YES;
				CLANG_WARN_RANGE_LOOP_ANALYSIS = YES;
				CLANG_WARN_STRICT_PROTOTYPES = YES;
				CLANG_WARN_SUSPICIOUS_MOVE = YES;
				CLANG_WARN_UNGUARDED_AVAILABILITY = YES_AGGRESSIVE;
				CLANG_WARN_UNREACHABLE_CODE = YES;
				CLANG_WARN__DUPLICATE_METHOD_MATCH = YES;
				COPY_PHASE_STRIP = NO;
				DEBUG_INFORMATION_FORMAT = dwarf;
				ENABLE_STRICT_OBJC_MSGSEND = YES;
				ENABLE_TESTABILITY = YES;
				GCC_C_LANGUAGE_STANDARD = gnu11;
				GCC_DYNAMIC_NO_PIC = NO;
				GCC_NO_COMMON_BLOCKS = YES;
				GCC_OPTIMIZATION_LEVEL = 0;
				GCC_PREPROCESSOR_DEFINITIONS = (
					"DEBUG=1",
					"$(inherited)",
				);
				GCC_WARN_64_TO_32_BIT_CONVERSION = YES;
				GCC_WARN_ABOUT_RETURN_TYPE = YES_ERROR;
				GCC_WARN_UNDECLARED_SELECTOR = YES;
				GCC_WARN_UNINITIALIZED_AUTOS = YES_AGGRESSIVE;
				GCC_WARN_UNUSED_FUNCTION = YES;
				GCC_WARN_UNUSED_VARIABLE = YES;
				IPHONEOS_DEPLOYMENT_TARGET = 14.0;
				MTL_ENABLE_DEBUG_INFO = INCLUDE_SOURCE;
				MTL_FAST_MATH = YES;
				ONLY_ACTIVE_ARCH = YES;
				SDKROOT = iphoneos;
				SWIFT_ACTIVE_COMPILATION_CONDITIONS = DEBUG;
				SWIFT_OPTIMIZATION_LEVEL = "-Onone";
			};
			name = Debug;
		};
		8B311F2A252EE6CA00054237 /* Release */ = {
			isa = XCBuildConfiguration;
			buildSettings = {
				ALWAYS_SEARCH_USER_PATHS = NO;
				CLANG_ANALYZER_NONNULL = YES;
				CLANG_ANALYZER_NUMBER_OBJECT_CONVERSION = YES_AGGRESSIVE;
				CLANG_CXX_LANGUAGE_STANDARD = "gnu++14";
				CLANG_CXX_LIBRARY = "libc++";
				CLANG_ENABLE_MODULES = YES;
				CLANG_ENABLE_OBJC_ARC = YES;
				CLANG_ENABLE_OBJC_WEAK = YES;
				CLANG_WARN_BLOCK_CAPTURE_AUTORELEASING = YES;
				CLANG_WARN_BOOL_CONVERSION = YES;
				CLANG_WARN_COMMA = YES;
				CLANG_WARN_CONSTANT_CONVERSION = YES;
				CLANG_WARN_DEPRECATED_OBJC_IMPLEMENTATIONS = YES;
				CLANG_WARN_DIRECT_OBJC_ISA_USAGE = YES_ERROR;
				CLANG_WARN_DOCUMENTATION_COMMENTS = YES;
				CLANG_WARN_EMPTY_BODY = YES;
				CLANG_WARN_ENUM_CONVERSION = YES;
				CLANG_WARN_INFINITE_RECURSION = YES;
				CLANG_WARN_INT_CONVERSION = YES;
				CLANG_WARN_NON_LITERAL_NULL_CONVERSION = YES;
				CLANG_WARN_OBJC_IMPLICIT_RETAIN_SELF = YES;
				CLANG_WARN_OBJC_LITERAL_CONVERSION = YES;
				CLANG_WARN_OBJC_ROOT_CLASS = YES_ERROR;
				CLANG_WARN_QUOTED_INCLUDE_IN_FRAMEWORK_HEADER = YES;
				CLANG_WARN_RANGE_LOOP_ANALYSIS = YES;
				CLANG_WARN_STRICT_PROTOTYPES = YES;
				CLANG_WARN_SUSPICIOUS_MOVE = YES;
				CLANG_WARN_UNGUARDED_AVAILABILITY = YES_AGGRESSIVE;
				CLANG_WARN_UNREACHABLE_CODE = YES;
				CLANG_WARN__DUPLICATE_METHOD_MATCH = YES;
				COPY_PHASE_STRIP = NO;
				DEBUG_INFORMATION_FORMAT = "dwarf-with-dsym";
				ENABLE_NS_ASSERTIONS = NO;
				ENABLE_STRICT_OBJC_MSGSEND = YES;
				GCC_C_LANGUAGE_STANDARD = gnu11;
				GCC_NO_COMMON_BLOCKS = YES;
				GCC_WARN_64_TO_32_BIT_CONVERSION = YES;
				GCC_WARN_ABOUT_RETURN_TYPE = YES_ERROR;
				GCC_WARN_UNDECLARED_SELECTOR = YES;
				GCC_WARN_UNINITIALIZED_AUTOS = YES_AGGRESSIVE;
				GCC_WARN_UNUSED_FUNCTION = YES;
				GCC_WARN_UNUSED_VARIABLE = YES;
				IPHONEOS_DEPLOYMENT_TARGET = 14.0;
				MTL_ENABLE_DEBUG_INFO = NO;
				MTL_FAST_MATH = YES;
				SDKROOT = iphoneos;
				SWIFT_COMPILATION_MODE = wholemodule;
				SWIFT_OPTIMIZATION_LEVEL = "-O";
				VALIDATE_PRODUCT = YES;
			};
			name = Release;
		};
		8B311F2C252EE6CA00054237 /* Debug */ = {
			isa = XCBuildConfiguration;
			buildSettings = {
				ASSETCATALOG_COMPILER_APPICON_NAME = AppIcon;
				ASSETCATALOG_COMPILER_GLOBAL_ACCENT_COLOR_NAME = AccentColor;
				CODE_SIGN_STYLE = Automatic;
				DEVELOPMENT_ASSET_PATHS = "\"PurchaseButton/Preview Content\"";
				DEVELOPMENT_TEAM = B7S28UQF8S;
				ENABLE_PREVIEWS = YES;
				INFOPLIST_FILE = PurchaseButton/Info.plist;
				IPHONEOS_DEPLOYMENT_TARGET = 14.0;
				LD_RUNPATH_SEARCH_PATHS = (
					"$(inherited)",
					"@executable_path/Frameworks",
				);
				PRODUCT_BUNDLE_IDENTIFIER = com.pabloblanco.PurchaseButton;
				PRODUCT_NAME = "$(TARGET_NAME)";
				SWIFT_VERSION = 5.0;
				TARGETED_DEVICE_FAMILY = "1,2";
			};
			name = Debug;
		};
		8B311F2D252EE6CA00054237 /* Release */ = {
			isa = XCBuildConfiguration;
			buildSettings = {
				ASSETCATALOG_COMPILER_APPICON_NAME = AppIcon;
				ASSETCATALOG_COMPILER_GLOBAL_ACCENT_COLOR_NAME = AccentColor;
				CODE_SIGN_STYLE = Automatic;
				DEVELOPMENT_ASSET_PATHS = "\"PurchaseButton/Preview Content\"";
				DEVELOPMENT_TEAM = B7S28UQF8S;
				ENABLE_PREVIEWS = YES;
				INFOPLIST_FILE = PurchaseButton/Info.plist;
				IPHONEOS_DEPLOYMENT_TARGET = 14.0;
				LD_RUNPATH_SEARCH_PATHS = (
					"$(inherited)",
					"@executable_path/Frameworks",
				);
				PRODUCT_BUNDLE_IDENTIFIER = com.pabloblanco.PurchaseButton;
				PRODUCT_NAME = "$(TARGET_NAME)";
				SWIFT_VERSION = 5.0;
				TARGETED_DEVICE_FAMILY = "1,2";
			};
			name = Release;
		};
/* End XCBuildConfiguration section */

/* Begin XCConfigurationList section */
		8B311F17252EE6C900054237 /* Build configuration list for PBXProject "PurchaseButton" */ = {
			isa = XCConfigurationList;
			buildConfigurations = (
				8B311F29252EE6CA00054237 /* Debug */,
				8B311F2A252EE6CA00054237 /* Release */,
			);
			defaultConfigurationIsVisible = 0;
			defaultConfigurationName = Release;
		};
		8B311F2B252EE6CA00054237 /* Build configuration list for PBXNativeTarget "PurchaseButton" */ = {
			isa = XCConfigurationList;
			buildConfigurations = (
				8B311F2C252EE6CA00054237 /* Debug */,
				8B311F2D252EE6CA00054237 /* Release */,
			);
			defaultConfigurationIsVisible = 0;
			defaultConfigurationName = Release;
		};
/* End XCConfigurationList section */
	};
	rootObject = 8B311F14252EE6C900054237 /* Project object */;
}
